version: 1
files:
  locales/en.json:
    common.title: b78a3223503896721cca1303f776159b
    common.description: b5a7adde1af5c87d7fd797b6245c2a39
    common.button: 87b7760f14fbff78d8819291f36ab9a0
    common.buttons: 5b3ec15499a125805b5bbf8e4afcec8c
    common.buttonText: 111082bb18b636c4493e0370dce09f00
    common.badge: 454a5c95c970c24b3d747b01001fd13a
    common.pagebuilder: eb78559674697d53a99e1e9d98e8ed1a
    common.external: b206a1b4ea1097761f78e8876f6da779
    common.internal: afbf0897a5a83fdd873dfb032ec695d3
    common.url: 02a3a357710cc2a5dfdfb74ed012fb59
    common.type: a1fa27779242b4902f7ae3bdd5c6d508
    common.variant: 492f18b60811bf85ce118c0c6a1a5c4a
    common.internalExternalLink: cd4926cd4c78d0b6ada6124e4dc0a0c0
    common.author: a517747c3d12f99244ae598910d979c5
    common.authors: 02684cc6b6ea1811a064f475a5fd1d18
    common.name: 49ee3087348e8d44e1feda1917443987
    common.position: 52f5e0bc3859bc5f5e25130b6c7e8881
    common.bio: 9100c7317c2f55730e163e7e710c0a52
    common.publishedAt: 546c5d32ef08b819e70aa83d14352e44
    common.image: be53a0541a6d36f6ecb879fa2c584b08
    common.richText: a05ac4341235111bd2cba5c3c105ba81
    common.faq: 1fe917b01f9a3f87fa2d7d3b7643fac1
    common.question: a97ea56b0e00b2379736ae60869ff66a
    common.answer: 3751695c17afed4055a7a5ad5d46f6f5
    common.links: bd908db5ccb07777ced8023dffc802f4
    common.link: 97e7c9a7d06eac006a28bf05467fcc8b
    common.label: b021df6aac4654c454f46c77646e745f
    common.subtitle: 035f4e29da2d6d31303f7d7cfa1be13b
    common.homepage: 7b19b37e7fc3dfe3c3e1ad5b84c7f565
    common.page: 193cfc9be3b995831c6af2fea6650e60
    common.content: f15c1cae7882448b3fb0404682e17e61
    common.seo: d88946b678e4c2f251d4e292e8142291
    common.openGraph: 9d003c21ab5fb8409c51e901aed5576d
    common.card: 1d565b9e5303987bb1b1938d5d458bca
    common.related: 9780790c790dbfd6d8036afeac3745b4
    common.icon: 817434295a673aed431435658b65d9a7
    common.untitled: 911af7aa209e00b49f3d6fd2afa92564
    common.layout: ebd9bec4d70abc789d439c1f136b0538
    common.noContent: 8386bf720b8b55126f9551c6678647f9
    common.private: 47f9082fc380ca62d531096aa1d110f1
    common.public: 3d067bedfe2f4677470dd6ccf64d05ed
    common.pages: 453aceb005ceaf54a47da15fee8b2a26
    common.faqs: 483a5da192f46e3cfe8391d3ef234fc4
    common.siteConfiguration: 1439197e1655c16a4b2cc3fa7a37f097
    common.navigation: 846495f9ceed11accf8879f555936a7d
    common.globalSettings: 9a51a007b33a46e553def6423aad8648
    seo.title: d88946b678e4c2f251d4e292e8142291
    seo.description.warning.minLength: 50aefffc86e42350cdca24821f20eece
    seo.description.warning.maxLength: f5ce6561e3cf13d8ce761bfc89c28936
    blog.title: be8df1f28c0abc85a0ed0c6860e5d832
    blog.blogs: d6b9ea32b921a9f56de32062ba4b94f3
    blog.index.title: 438f94a68eb3c04652e656f788772675
    blog.featuredBlogs.title: b6dde3c6d9b3b2751e6afc68502a5aa6
    blog.featuredBlogs.description: 777722308b9f0ff9b8b986ed52229450
    link.openInNewTab.title: 3a39eb38e879f66d1c57dedd478272da
    link.openInNewTab.description: 574e981df4b290ea9c6347dbe6245c5b
    link.validation.notEmpty: a5fd241a2f1fd0a008c6722711313138
    link.validation.invalid: f9c7939a8397ee022fefee2bdb3407af
    image.title: be53a0541a6d36f6ecb879fa2c584b08
    image.alt.title: 1b214cffe903e6176c0724472b6d1e56
    image.alt.description: ee8acba77786d71a0ed74288e5e52e91
    badge.title: 454a5c95c970c24b3d747b01001fd13a
    badge.description: 340055078d2d54438605a6bb7063e406
    title.title: b78a3223503896721cca1303f776159b
    title.description: d0ec100968d357446275a1f74fd8e34a
    subtitle.title: 035f4e29da2d6d31303f7d7cfa1be13b
    subtitle.description: 5886e1de36de0bac3ee784a810fe4f59
    sections.banner.name: 737cd078cabb04fab79c2d733446db53
    sections.cta.name: d90bc5cf8f8da299f9d2f278686ca450
    sections.faq.name: 9cade21a390fa5d5baa78fb371cf1c02
    sections.faq.linkDescription: e0dc151c0a567fdb55d6d3406eced881
    sections.faq.link.text.title: 63a11faa3a692d4e00fa8e03bbe8a0d6
    sections.faq.link.text.description: ed7c5cba4411cb4bd4a5a484259b6b43
    sections.faq.link.description.title: 4f74bff21cf9693aeac15b48a1b5bee6
    sections.faq.link.description.description: 0e815e212405f41ef555c779cb1f8580
    sections.faq.faqs.title: 483a5da192f46e3cfe8391d3ef234fc4
    sections.faq.faqs.description: 789a4339c450064acfd875301c8fa943
    sections.featureCardIcon.name: 9466b88de6b7039a9d6bd5428ad5e4b0
    sections.featureCardIcon.card: a37a59d0894571fd755f2543f8b3fa72
    sections.featureCardIcon.cards.title: cd81f9f55969c822377f076017bb3484
    sections.featureCardIcon.cards.description: 13c7f39baf2b2fc0dd5c5a94655c57c4
    sections.imageLinkCards.name: e75dec3afa25d27d4a8db3da7f54dd5e
    sections.imageLinkCards.cards.title: cd81f9f55969c822377f076017bb3484
    sections.imageLinkCards.cards.description: 13c7f39baf2b2fc0dd5c5a94655c57c4
    sections.imageWithText.name: cf31d9c786649d6b8b5fb2f5d8d2758e
    sections.leadingText.name: 536750dd03e40b38f074e8141518cf10
    sections.media.name: f806a412e4aecb6d6d6aab90db6543a8
    sections.media.width.title: 5c69b856c0d0b748bef3144ca656f741
    sections.media.width.description: 1dd40b38cb9468db16f947126e44459f
    sections.pricing.name: 0d8a0d6c404729e0c99736463d4c35ea
    sections.pricing.description: 01977a2f3dedc9b5747209fb54428d18
    sections.pricing.plans.title: 3bb917fa52be1b227965c2c1b6f3f236
    sections.pricing.plans.planName.title: a5a4f81e3b584d845e2c3378d10b5403
    sections.pricing.plans.planPrice.title: 1d89b70bf1410131de72cef713ef3d20
    sections.pricing.plans.planPrice.description: 309ba33e424181a646b02c3f0dc0b084
    sections.pricing.plans.planBillingPeriod.title: 96ef92c33b1c738f4b115f588fa60cd9
    sections.pricing.plans.planBillingPeriod.description: 33ab26a70aac894aaa7346de04cce2b8
    sections.pricing.plans.planDescription.title: b5a7adde1af5c87d7fd797b6245c2a39
    sections.pricing.plans.planDescription.description: 2235c4c537eb4abefd15e9ff2217e2cb
    sections.pricing.plans.planFeatures.title: 98f770b0af18ca763421bac22b4b6805
    sections.pricing.plans.planFeatures.description: 9b0b2f7c83f7460f46626ba6a3497d9b
    sections.pricing.plans.planIsPopular.title: 13d76bf098ad9d7a37282337845b16a8
    sections.pricing.plans.planIsPopular.description: e24618bba8ce3132cef8bf2845066564
    sections.richText.name: a05ac4341235111bd2cba5c3c105ba81
    navbar.title: 678b10fecc09c16ec664154633650915
    navbar.description: 0705cefb318f58b476477f5ad0438c8a
    navbar.label: 09511cf4c5b824b5b8126e9d4c7255f3
    navbar.labelDescription: 07081787bee0f8484278542dd6720856
    navbar.navigationStructure.title: 14ee6323969bd7c6c655dbd6762d8b7f
    navbar.navigationStructure.description: f4ac769370552679070a497be28bb1ab
    navbar.link.title: 8a2ee64772762f319d67d4121f6c5a4c
    navbar.link.description: fad57bee632ddf3b0ee1c9a5aa38dd2c
    navbar.link.linkDescription: 3a470656b0273a11721b46aa309748b6
    navbar.link.linkText.title: 63a11faa3a692d4e00fa8e03bbe8a0d6
    navbar.link.linkText.description: 9d250bb6e1795226ff5e71a69fc00d46
    navbar.link.url.title: 5e4e1bd6f922fed062b62c446ca34f84
    navbar.link.url.description: 138efc1104f122e2ff95cd1bdbb30154
    navbar.navigationColumn.title: 713efdc7162169f4bd0e463585f37985
    navbar.navigationColumn.description: 161611f95ae45c42f0350441a794ba8c
    navbar.navigationColumn.column.title: 67fcb54a8f974e769fb25e36f4cb1c86
    navbar.navigationColumn.column.description: 532a9eaa32265e397845482bf8eb9a61
    navbar.navigationColumn.column.links.title: 614d9a56c628bd03bd52b75320cb5ca1
    navbar.navigationColumn.column.links.description: bad80744c96996b4b9a3fcc0cf4f71c7
    footer.title: ded40f2a77c30efc6062db0cbd857746
    footer.columnTitle: 877dba6d32e0afb2c8ac43aabc1ec78f
    footer.columnLinks: 1440831f0d518f1d81a75ccad9bb4f59
    footer.labelDescription: 70b6d5ce4a07d1d755d3fd60eb7f48de
    footer.subtitleDescription: 652cbe598a9e1477e18e1fe95556e284
    footer.navigationColumns.title: acdf6d051456479ae5acf512fe77da73
    footer.navigationColumns.description: 5aab1f9d00c2d790b77d6193c692f6a0
    settings.title: f4f70727dc34561dfde1a3c529b6205c
    settings.description: ca4b57dfc755fb667f66fce812295bbb
    settings.label: b021df6aac4654c454f46c77646e745f
    settings.labelDescription: bb2b5d2e36406909cb3342c59b9a4705
    settings.siteTitle: 10d3261e9d0bfb903148c180afd80d2c
    settings.siteTitleDescription: adffc4b722b8007acabc56946dc7fb9c
    settings.siteDescription: 22d6a35a4c252115e717adba28374fab
    settings.siteDescriptionDescription: bcdacd70c99e320d4150f9554c59bcf0
    settings.siteLogo: 2176d8ab05badec727eae58788c77e80
    settings.siteLogoDescription: ed8186d1a17356986d4529813d740d2c
    settings.contactEmail: 01ed8a4015b45aa03653c53de46e37ee
    settings.contactEmailDescription: 2ec0c3aba452adcb579820e614ca1ea4
    settings.socialMediaLinks.title: 62958f2bb774196387df5d09665197cf
    settings.socialMediaLinks.description: 8af2de45a6b6a026b0584a2ab358c2d6
    settings.socialMediaLinks.linkedIn.title: ed90192dee4746591f0d17112b7a1a60
    settings.socialMediaLinks.linkedIn.description: 94437853b94a3631d2f34cc00f42c402
    settings.socialMediaLinks.facebook.title: 76f8961bb8f4bb2b95c07650f30a7e7b
    settings.socialMediaLinks.facebook.description: e6476777ba4fd13797532278eea1b3d3
    settings.socialMediaLinks.twitter.title: 73232a3dcd0258d32e2afebe01b65b93
    settings.socialMediaLinks.twitter.description: 662218fd013bee2149aa09ab99891bb8
    settings.socialMediaLinks.instagram.title: eb9c5340c9cd79ee7d51e8e84b032bfa
    settings.socialMediaLinks.instagram.description: bb6654be18f6a94627ac17010cc901b8
    settings.socialMediaLinks.youtube.title: ad7198d676478ac70c3243c1d3446331
    settings.socialMediaLinks.youtube.description: ad7198d676478ac70c3243c1d3446331
